Microsoft Visual Studio Solution File, Format Version 12.00
# Visual Studio Version 17
VisualStudioVersion = 17.5.2.0
MinimumVisualStudioVersion = 10.0.40219.1
Project("{FAE04EC0-301F-11D3-BF4B-00C04F79EFBC}") = "Yukonda.UI.Windows", "Yukonda.UI.Windows.csproj", "{D90DA47A-80FE-FE71-A0A8-A041E2AEF103}"
EndProject
Global
	GlobalSection(SolutionConfigurationPlatforms) = preSolution
		Debug|Any CPU = Debug|Any CPU
		Release|Any CPU = Release|Any CPU
	EndGlobalSection
	GlobalSection(ProjectConfigurationPlatforms) = postSolution
		{D90DA47A-80FE-FE71-A0A8-A041E2AEF103}.Debug|Any CPU.ActiveCfg = Debug|Any CPU
		{D90DA47A-80FE-FE71-A0A8-A041E2AEF103}.Debug|Any CPU.Build.0 = Debug|Any CPU
		{D90DA47A-80FE-FE71-A0A8-A041E2AEF103}.Release|Any CPU.ActiveCfg = Release|Any CPU
		{D90DA47A-80FE-FE71-A0A8-A041E2AEF103}.Release|Any CPU.Build.0 = Release|Any CPU
	EndGlobalSection
	GlobalSection(SolutionProperties) = preSolution
		HideSolutionNode = FALSE
	EndGlobalSection
	GlobalSection(ExtensibilityGlobals) = postSolution
		SolutionGuid = {F130E681-9A6C-47E4-8982-2F8581E8839F}
	EndGlobalSection
EndGlobal
